
Microsoft Visual Studio Solution File, Format Version 12.00
# Visual Studio 14
VisualStudioVersion = 14.0.25420.1
MinimumVisualStudioVersion = 10.0.40219.1
Project("{2150E333-8FDC-42A3-9474-1A3956D46DE8}") = "src", "src", "{958288FB-7C1C-436B-AF46-3E281F2F15B9}"
EndProject
Project("{2150E333-8FDC-42A3-9474-1A3956D46DE8}") = "Solution Items", "Solution Items", "{B84EA55B-72D3-4BED-AE8F-F2A5850322DF}"
	ProjectSection(SolutionItems) = preProject
		global.json = global.json
	EndProjectSection
EndProject
Project("{8BB2217D-0F2D-49D1-97BC-3654ED321F3B}") = "ZHED-Shop", "src\ZHED-Shop\ZHED-Shop.xproj", "{84998673-C642-4B80-8CEE-13400B238CA1}"
EndProject
Global
	GlobalSection(SolutionConfigurationPlatforms) = preSolution
		Debug|Any CPU = Debug|Any CPU
		Release|Any CPU = Release|Any CPU
	EndGlobalSection
	GlobalSection(ProjectConfigurationPlatforms) = postSolution
		{84998673-C642-4B80-8CEE-13400B238CA1}.Debug|Any CPU.ActiveCfg = Debug|Any CPU
		{84998673-C642-4B80-8CEE-13400B238CA1}.Debug|Any CPU.Build.0 = Debug|Any CPU
		{84998673-C642-4B80-8CEE-13400B238CA1}.Release|Any CPU.ActiveCfg = Release|Any CPU
		{84998673-C642-4B80-8CEE-13400B238CA1}.Release|Any CPU.Build.0 = Release|Any CPU
	EndGlobalSection
	GlobalSection(SolutionProperties) = preSolution
		HideSolutionNode = FALSE
	EndGlobalSection
	GlobalSection(NestedProjects) = preSolution
		{84998673-C642-4B80-8CEE-13400B238CA1} = {958288FB-7C1C-436B-AF46-3E281F2F15B9}
	EndGlobalSection
EndGlobal
